
Microsoft Visual Studio Solution File, Format Version 12.00
# Visual Studio Version 17
VisualStudioVersion = 17.5.33424.131
MinimumVisualStudioVersion = 10.0.40219.1
Project("{FAE04EC0-301F-11D3-BF4B-00C04F79EFBC}") = "TriggerGradeType", "TriggerGradeType.csproj", "{BC0A35A5-6FC4-4B56-95FF-23E17A3D8A4C}"
EndProject
Global
	GlobalSection(SolutionConfigurationPlatforms) = preSolution
		Debug|Any CPU = Debug|Any CPU
		Release|Any CPU = Release|Any CPU
	EndGlobalSection
	GlobalSection(ProjectConfigurationPlatforms) = postSolution
		{BC0A35A5-6FC4-4B56-95FF-23E17A3D8A4C}.Debug|Any CPU.ActiveCfg = Debug|Any CPU
		{BC0A35A5-6FC4-4B56-95FF-23E17A3D8A4C}.Debug|Any CPU.Build.0 = Debug|Any CPU
		{BC0A35A5-6FC4-4B56-95FF-23E17A3D8A4C}.Release|Any CPU.ActiveCfg = Release|Any CPU
		{BC0A35A5-6FC4-4B56-95FF-23E17A3D8A4C}.Release|Any CPU.Build.0 = Release|Any CPU
	EndGlobalSection
	GlobalSection(SolutionProperties) = preSolution
		HideSolutionNode = FALSE
	EndGlobalSection
	GlobalSection(ExtensibilityGlobals) = postSolution
		SolutionGuid = {05095D6C-429E-4658-A124-A1CC59A8DEF3}
	EndGlobalSection
EndGlobal
